PODS:
  - AudioKit (4.9.5):
    - AudioKit/Core (= 4.9.5)
    - AudioKit/UI (= 4.9.5)
  - AudioKit/Core (4.9.5)
  - AudioKit/UI (4.9.5):
    - AudioKit/Core
  - JGProgressHUD (2.1)

DEPENDENCIES:
  - AudioKit (~> 4.0)
  - JGProgressHUD

SPEC REPOS:
  https://github.com/cocoapods/specs.git:
    - AudioKit
    - JGProgressHUD

SPEC CHECKSUMS:
  AudioKit: ccf4e39c89ed6e5cbbce5fef58d819db39446437
  JGProgressHUD: aa403e9a5b45cae98903c4600cccdd98c0c3ec90

PODFILE CHECKSUM: af14b5303cfd9030b64e5c5f6077f5529447da59

COCOAPODS: 1.7.5
